// !$*UTF8*$!
{
	archiveVersion = 1;
	classes = {
	};
	objectVersion = 48;
	objects = {

/* Begin PBXBuildFile section */
		7EFF604E1F96CF2800D31F75 /* AppDelegate.swift in Sources */ = {isa = PBXBuildFile; fileRef = 7EFF604D1F96CF2800D31F75 /* AppDelegate.swift */; };
		7EFF60501F96CF2800D31F75 /* ViewController.swift in Sources */ = {isa = PBXBuildFile; fileRef = 7EFF604F1F96CF2800D31F75 /* ViewController.swift */; };
		7EFF60531F96CF2800D31F75 /* Main.storyboard in Resources */ = {isa = PBXBuildFile; fileRef = 7EFF60511F96CF2800D31F75 /* Main.storyboard */; };
		7EFF60551F96CF2800D31F75 /* Assets.xcassets in Resources */ = {isa = PBXBuildFile; fileRef = 7EFF60541F96CF2800D31F75 /* Assets.xcassets */; };
		7EFF60581F96CF2800D31F75 /* LaunchScreen.storyboard in Resources */ = {isa = PBXBuildFile; fileRef = 7EFF60561F96CF2800D31F75 /* LaunchScreen.storyboard */; };
		7EFF60621F96D50200D31F75 /* PopupModalDialogViewController.swift in Sources */ = {isa = PBXBuildFile; fileRef = 7EFF60611F96D50200D31F75 /* PopupModalDialogViewController.swift */; };
/* End PBXBuildFile section */

/* Begin PBXFileReference section */
		7EFF604A1F96CF2800D31F75 /* PopupModalDialogSample.app */ = {isa = PBXFileReference; explicitFileType = wrapper.application; includeInIndex = 0; path = PopupModalDialogSample.app; sourceTree = BUILT_PRODUCTS_DIR; };
		7EFF604D1F96CF2800D31F75 /* AppDelegate.swift */ = {isa = PBXFileReference; lastKnownFileType = sourcecode.swift; path = AppDelegate.swift; sourceTree = "<group>"; };
		7EFF604F1F96CF2800D31F75 /* ViewController.swift */ = {isa = PBXFileReference; lastKnownFileType = sourcecode.swift; path = ViewController.swift; sourceTree = "<group>"; };
		7EFF60521F96CF2800D31F75 /* Base */ = {isa = PBXFileReference; lastKnownFileType = file.storyboard; name = Base; path = Base.lproj/Main.storyboard; sourceTree = "<group>"; };
		7EFF60541F96CF2800D31F75 /* Assets.xcassets */ = {isa = PBXFileReference; lastKnownFileType = folder.assetcatalog; path = Assets.xcassets; sourceTree = "<group>"; };
		7EFF60571F96CF2800D31F75 /* Base */ = {isa = PBXFileReference; lastKnownFileType = file.storyboard; name = Base; path = Base.lproj/LaunchScreen.storyboard; sourceTree = "<group>"; };
		7EFF60591F96CF2800D31F75 /* Info.plist */ = {isa = PBXFileReference; lastKnownFileType = text.plist.xml; path = Info.plist; sourceTree = "<group>"; };
		7EFF60611F96D50200D31F75 /* PopupModalDialogViewController.swift */ = {isa = PBXFileReference; lastKnownFileType = sourcecode.swift; path = PopupModalDialogViewController.swift; sourceTree = "<group>"; };
/* End PBXFileReference section */

/* Begin PBXFrameworksBuildPhase section */
		7EFF60471F96CF2800D31F75 /* Frameworks */ = {
			isa = PBXFrameworksBuildPhase;
			buildActionMask = 2147483647;
			files = (
			);
			runOnlyForDeploymentPostprocessing = 0;
		};
/* End PBXFrameworksBuildPhase section */

/* Begin PBXGroup section */
		7EFF60411F96CF2800D31F75 = {
			isa = PBXGroup;
			children = (
				7EFF604C1F96CF2800D31F75 /* PopupModalDialogSample */,
				7EFF604B1F96CF2800D31F75 /* Products */,
			);
			sourceTree = "<group>";
		};
		7EFF604B1F96CF2800D31F75 /* Products */ = {
			isa = PBXGroup;
			children = (
				7EFF604A1F96CF2800D31F75 /* PopupModalDialogSample.app */,
			);
			name = Products;
			sourceTree = "<group>";
		};
		7EFF604C1F96CF2800D31F75 /* PopupModalDialogSample */ = {
			isa = PBXGroup;
			children = (
				7EFF604D1F96CF2800D31F75 /* AppDelegate.swift */,
				7EFF60541F96CF2800D31F75 /* Assets.xcassets */,
				7EFF60591F96CF2800D31F75 /* Info.plist */,
				7EFF60561F96CF2800D31F75 /* LaunchScreen.storyboard */,
				7EFF60511F96CF2800D31F75 /* Main.storyboard */,
				7EFF604F1F96CF2800D31F75 /* ViewController.swift */,
				7EFF60611F96D50200D31F75 /* PopupModalDialogViewController.swift */,
			);
			path = PopupModalDialogSample;
			sourceTree = "<group>";
		};
/* End PBXGroup section */

/* Begin PBXNativeTarget section */
		7EFF60491F96CF2800D31F75 /* PopupModalDialogSample */ = {
			isa = PBXNativeTarget;
			buildConfigurationList = 7EFF605C1F96CF2800D31F75 /* Build configuration list for PBXNativeTarget "PopupModalDialogSample" */;
			buildPhases = (
				7EFF60461F96CF2800D31F75 /* Sources */,
				7EFF60471F96CF2800D31F75 /* Frameworks */,
				7EFF60481F96CF2800D31F75 /* Resources */,
			);
			buildRules = (
			);
			dependencies = (
			);
			name = PopupModalDialogSample;
			productName = PopupModalDialogSample;
			productReference = 7EFF604A1F96CF2800D31F75 /* PopupModalDialogSample.app */;
			productType = "com.apple.product-type.application";
		};
/* End PBXNativeTarget section */

/* Begin PBXProject section */
		7EFF60421F96CF2800D31F75 /* Project object */ = {
			isa = PBXProject;
			attributes = {
				LastSwiftUpdateCheck = 0900;
				LastUpgradeCheck = 0900;
				ORGANIZATIONNAME = "Tomoki Yamashita";
				TargetAttributes = {
					7EFF60491F96CF2800D31F75 = {
						CreatedOnToolsVersion = 9.0.1;
						ProvisioningStyle = Automatic;
					};
				};
			};
			buildConfigurationList = 7EFF60451F96CF2800D31F75 /* Build configuration list for PBXProject "PopupModalDialogSample" */;
			compatibilityVersion = "Xcode 8.0";
			developmentRegion = en;
			hasScannedForEncodings = 0;
			knownRegions = (
				en,
				Base,
			);
			mainGroup = 7EFF60411F96CF2800D31F75;
			productRefGroup = 7EFF604B1F96CF2800D31F75 /* Products */;
			projectDirPath = "";
			projectRoot = "";
			targets = (
				7EFF60491F96CF2800D31F75 /* PopupModalDialogSample */,
			);
		};
/* End PBXProject section */

/* Begin PBXResourcesBuildPhase section */
		7EFF60481F96CF2800D31F75 /* Resources */ = {
			isa = PBXResourcesBuildPhase;
			buildActionMask = 2147483647;
			files = (
				7EFF60581F96CF2800D31F75 /* LaunchScreen.storyboard in Resources */,
				7EFF60551F96CF2800D31F75 /* Assets.xcassets in Resources */,
				7EFF60531F96CF2800D31F75 /* Main.storyboard in Resources */,
			);
			runOnlyForDeploymentPostprocessing = 0;
		};
/* End PBXResourcesBuildPhase section */

/* Begin PBXSourcesBuildPhase section */
		7EFF60461F96CF2800D31F75 /* Sources */ = {
			isa = PBXSourcesBuildPhase;
			buildActionMask = 2147483647;
			files = (
				7EFF60501F96CF2800D31F75 /* ViewController.swift in Sources */,
				7EFF60621F96D50200D31F75 /* PopupModalDialogViewController.swift in Sources */,
				7EFF604E1F96CF2800D31F75 /* AppDelegate.swift in Sources */,
			);
			runOnlyForDeploymentPostprocessing = 0;
		};
/* End PBXSourcesBuildPhase section */

/* Begin PBXVariantGroup section */
		7EFF60511F96CF2800D31F75 /* Main.storyboard */ = {
			isa = PBXVariantGroup;
			children = (
				7EFF60521F96CF2800D31F75 /* Base */,
			);
			name = Main.storyboard;
			sourceTree = "<group>";
		};
		7EFF60561F96CF2800D31F75 /* LaunchScreen.storyboard */ = {
			isa = PBXVariantGroup;
			children = (
				7EFF60571F96CF2800D31F75 /* Base */,
			);
			name = LaunchScreen.storyboard;
			sourceTree = "<group>";
		};
/* End PBXVariantGroup section */

/* Begin XCBuildConfiguration section */
		7EFF605A1F96CF2800D31F75 /* Debug */ = {
			isa = XCBuildConfiguration;
			buildSettings = {
				ALWAYS_SEARCH_USER_PATHS = NO;
				CLANG_ANALYZER_NONNULL = YES;
				CLANG_ANALYZER_NUMBER_OBJECT_CONVERSION = YES_AGGRESSIVE;
				CLANG_CXX_LANGUAGE_STANDARD = "gnu++14";
				CLANG_CXX_LIBRARY = "libc++";
				CLANG_ENABLE_MODULES = YES;
				CLANG_ENABLE_OBJC_ARC = YES;
				CLANG_WARN_BLOCK_CAPTURE_AUTORELEASING = YES;
				CLANG_WARN_BOOL_CONVERSION = YES;
				CLANG_WARN_COMMA = YES;
				CLANG_WARN_CONSTANT_CONVERSION = YES;
				CLANG_WARN_DIRECT_OBJC_ISA_USAGE = YES_ERROR;
				CLANG_WARN_DOCUMENTATION_COMMENTS = YES;
				CLANG_WARN_EMPTY_BODY = YES;
				CLANG_WARN_ENUM_CONVERSION = YES;
				CLANG_WARN_INFINITE_RECURSION = YES;
				CLANG_WARN_INT_CONVERSION = YES;
				CLANG_WARN_NON_LITERAL_NULL_CONVERSION = YES;
				CLANG_WARN_OBJC_LITERAL_CONVERSION = YES;
				CLANG_WARN_OBJC_ROOT_CLASS = YES_ERROR;
				CLANG_WARN_RANGE_LOOP_ANALYSIS = YES;
				CLANG_WARN_STRICT_PROTOTYPES = YES;
				CLANG_WARN_SUSPICIOUS_MOVE = YES;
				CLANG_WARN_UNGUARDED_AVAILABILITY = YES_AGGRESSIVE;
				CLANG_WARN_UNREACHABLE_CODE = YES;
				CLANG_WARN__DUPLICATE_METHOD_MATCH = YES;
				CODE_SIGN_IDENTITY = "iPhone Developer";
				COPY_PHASE_STRIP = NO;
				DEBUG_INFORMATION_FORMAT = dwarf;
				ENABLE_STRICT_OBJC_MSGSEND = YES;
				ENABLE_TESTABILITY = YES;
				GCC_C_LANGUAGE_STANDARD = gnu11;
				GCC_DYNAMIC_NO_PIC = NO;
				GCC_NO_COMMON_BLOCKS = YES;
				GCC_OPTIMIZATION_LEVEL = 0;
				GCC_PREPROCESSOR_DEFINITIONS = (
					"DEBUG=1",
					"$(inherited)",
				);
				GCC_WARN_64_TO_32_BIT_CONVERSION = YES;
				GCC_WARN_ABOUT_RETURN_TYPE = YES_ERROR;
				GCC_WARN_UNDECLARED_SELECTOR = YES;
				GCC_WARN_UNINITIALIZED_AUTOS = YES_AGGRESSIVE;
				GCC_WARN_UNUSED_FUNCTION = YES;
				GCC_WARN_UNUSED_VARIABLE = YES;
				IPHONEOS_DEPLOYMENT_TARGET = 11.0;
				MTL_ENABLE_DEBUG_INFO = YES;
				ONLY_ACTIVE_ARCH = YES;
				SDKROOT = iphoneos;
				SWIFT_ACTIVE_COMPILATION_CONDITIONS = DEBUG;
				SWIFT_OPTIMIZATION_LEVEL = "-Onone";
			};
			name = Debug;
		};
		7EFF605B1F96CF2800D31F75 /* Release */ = {
			isa = XCBuildConfiguration;
			buildSettings = {
				ALWAYS_SEARCH_USER_PATHS = NO;
				CLANG_ANALYZER_NONNULL = YES;
				CLANG_ANALYZER_NUMBER_OBJECT_CONVERSION = YES_AGGRESSIVE;
				CLANG_CXX_LANGUAGE_STANDARD = "gnu++14";
				CLANG_CXX_LIBRARY = "libc++";
				CLANG_ENABLE_MODULES = YES;
				CLANG_ENABLE_OBJC_ARC = YES;
				CLANG_WARN_BLOCK_CAPTURE_AUTORELEASING = YES;
				CLANG_WARN_BOOL_CONVERSION = YES;
				CLANG_WARN_COMMA = YES;
				CLANG_WARN_CONSTANT_CONVERSION = YES;
				CLANG_WARN_DIRECT_OBJC_ISA_USAGE = YES_ERROR;
				CLANG_WARN_DOCUMENTATION_COMMENTS = YES;
				CLANG_WARN_EMPTY_BODY = YES;
				CLANG_WARN_ENUM_CONVERSION = YES;
				CLANG_WARN_INFINITE_RECURSION = YES;
				CLANG_WARN_INT_CONVERSION = YES;
				CLANG_WARN_NON_LITERAL_NULL_CONVERSION = YES;
				CLANG_WARN_OBJC_LITERAL_CONVERSION = YES;
				CLANG_WARN_OBJC_ROOT_CLASS = YES_ERROR;
				CLANG_WARN_RANGE_LOOP_ANALYSIS = YES;
				CLANG_WARN_STRICT_PROTOTYPES = YES;
				CLANG_WARN_SUSPICIOUS_MOVE = YES;
				CLANG_WARN_UNGUARDED_AVAILABILITY = YES_AGGRESSIVE;
				CLANG_WARN_UNREACHABLE_CODE = YES;
				CLANG_WARN__DUPLICATE_METHOD_MATCH = YES;
				CODE_SIGN_IDENTITY = "iPhone Developer";
				COPY_PHASE_STRIP = NO;
				DEBUG_INFORMATION_FORMAT = "dwarf-with-dsym";
				ENABLE_NS_ASSERTIONS = NO;
				ENABLE_STRICT_OBJC_MSGSEND = YES;
				GCC_C_LANGUAGE_STANDARD = gnu11;
				GCC_NO_COMMON_BLOCKS = YES;
				GCC_WARN_64_TO_32_BIT_CONVERSION = YES;
				GCC_WARN_ABOUT_RETURN_TYPE = YES_ERROR;
				GCC_WARN_UNDECLARED_SELECTOR = YES;
				GCC_WARN_UNINITIALIZED_AUTOS = YES_AGGRESSIVE;
				GCC_WARN_UNUSED_FUNCTION = YES;
				GCC_WARN_UNUSED_VARIABLE = YES;
				IPHONEOS_DEPLOYMENT_TARGET = 11.0;
				MTL_ENABLE_DEBUG_INFO = NO;
				SDKROOT = iphoneos;
				SWIFT_OPTIMIZATION_LEVEL = "-Owholemodule";
				VALIDATE_PRODUCT = YES;
			};
			name = Release;
		};
		7EFF605D1F96CF2800D31F75 /* Debug */ = {
			isa = XCBuildConfiguration;
			buildSettings = {
				ASSETCATALOG_COMPILER_APPICON_NAME = AppIcon;
				CODE_SIGN_STYLE = Automatic;
				INFOPLIST_FILE = PopupModalDialogSample/Info.plist;
				LD_RUNPATH_SEARCH_PATHS = "$(inherited) @executable_path/Frameworks";
				PRODUCT_BUNDLE_IDENTIFIER = jp.tomorrowkey.ios.PopupModalDialogSample;
				PRODUCT_NAME = "$(TARGET_NAME)";
				SWIFT_VERSION = 4.0;
				TARGETED_DEVICE_FAMILY = "1,2";
			};
			name = Debug;
		};
		7EFF605E1F96CF2800D31F75 /* Release */ = {
			isa = XCBuildConfiguration;
			buildSettings = {
				ASSETCATALOG_COMPILER_APPICON_NAME = AppIcon;
				CODE_SIGN_STYLE = Automatic;
				INFOPLIST_FILE = PopupModalDialogSample/Info.plist;
				LD_RUNPATH_SEARCH_PATHS = "$(inherited) @executable_path/Frameworks";
				PRODUCT_BUNDLE_IDENTIFIER = jp.tomorrowkey.ios.PopupModalDialogSample;
				PRODUCT_NAME = "$(TARGET_NAME)";
				SWIFT_VERSION = 4.0;
				TARGETED_DEVICE_FAMILY = "1,2";
			};
			name = Release;
		};
/* End XCBuildConfiguration section */

/* Begin XCConfigurationList section */
		7EFF60451F96CF2800D31F75 /* Build configuration list for PBXProject "PopupModalDialogSample" */ = {
			isa = XCConfigurationList;
			buildConfigurations = (
				7EFF605A1F96CF2800D31F75 /* Debug */,
				7EFF605B1F96CF2800D31F75 /* Release */,
			);
			defaultConfigurationIsVisible = 0;
			defaultConfigurationName = Release;
		};
		7EFF605C1F96CF2800D31F75 /* Build configuration list for PBXNativeTarget "PopupModalDialogSample" */ = {
			isa = XCConfigurationList;
			buildConfigurations = (
				7EFF605D1F96CF2800D31F75 /* Debug */,
				7EFF605E1F96CF2800D31F75 /* Release */,
			);
			defaultConfigurationIsVisible = 0;
			defaultConfigurationName = Release;
		};
/* End XCConfigurationList section */
	};
	rootObject = 7EFF60421F96CF2800D31F75 /* Project object */;
}
